
Microsoft Visual Studio Solution File, Format Version 12.00
# Visual Studio Version 16
VisualStudioVersion = 16.0.30523.141
MinimumVisualStudioVersion = 10.0.40219.1
Project("{FAE04EC0-301F-11D3-BF4B-00C04F79EFBC}") = "SeniorProject_1", "SeniorProject_1\SeniorProject_1.csproj", "{F7D54CB0-82A3-4D9A-8291-22F3C07BDEC0}"
EndProject
Global
	GlobalSection(SolutionConfigurationPlatforms) = preSolution
		Debug|Any CPU = Debug|Any CPU
		Release|Any CPU = Release|Any CPU
	EndGlobalSection
	GlobalSection(ProjectConfigurationPlatforms) = postSolution
		{F7D54CB0-82A3-4D9A-8291-22F3C07BDEC0}.Debug|Any CPU.ActiveCfg = Debug|Any CPU
		{F7D54CB0-82A3-4D9A-8291-22F3C07BDEC0}.Debug|Any CPU.Build.0 = Debug|Any CPU
		{F7D54CB0-82A3-4D9A-8291-22F3C07BDEC0}.Release|Any CPU.ActiveCfg = Release|Any CPU
		{F7D54CB0-82A3-4D9A-8291-22F3C07BDEC0}.Release|Any CPU.Build.0 = Release|Any CPU
	EndGlobalSection
	GlobalSection(SolutionProperties) = preSolution
		HideSolutionNode = FALSE
	EndGlobalSection
	GlobalSection(ExtensibilityGlobals) = postSolution
		SolutionGuid = {F8E51058-43CD-4994-8ECD-6D9B15196393}
	EndGlobalSection
EndGlobal
